// !$*UTF8*$!
{
	archiveVersion = 1;
	classes = {
	};
	objectVersion = 46;
	objects = {

/* Begin PBXBuildFile section */
		3F46A5BF1CA560AF0081834B /* StudentSignDetailCell.m in Sources */ = {isa = PBXBuildFile; fileRef = 3F46A5BD1CA560AF0081834B /* StudentSignDetailCell.m */; settings = {ASSET_TAGS = (); }; };
		3F46A5C01CA560AF0081834B /* StudentSignDetailCell.xib in Resources */ = {isa = PBXBuildFile; fileRef = 3F46A5BE1CA560AF0081834B /* StudentSignDetailCell.xib */; settings = {ASSET_TAGS = (); }; };
		3F46A5C51CA561060081834B /* StudentHomeWorkView.m in Sources */ = {isa = PBXBuildFile; fileRef = 3F46A5C31CA561060081834B /* StudentHomeWorkView.m */; settings = {ASSET_TAGS = (); }; };
		3F46A5C61CA561060081834B /* StudentHomeWorkView.xib in Resources */ = {isa = PBXBuildFile; fileRef = 3F46A5C41CA561060081834B /* StudentHomeWorkView.xib */; settings = {ASSET_TAGS = (); }; };
		3F46A5C91CA5627F0081834B /* StudentListVC.m in Sources */ = {isa = PBXBuildFile; fileRef = 3F46A5C81CA5627F0081834B /* StudentListVC.m */; settings = {ASSET_TAGS = (); }; };
		3F4AB2AA1CA3ED2C00EA6D56 /* SentMessageVC.m in Sources */ = {isa = PBXBuildFile; fileRef = 3F4AB2A91CA3ED2C00EA6D56 /* SentMessageVC.m */; settings = {ASSET_TAGS = (); }; };
		3F721FF01CA2B01B00A9C99D /* DiscussVC.m in Sources */ = {isa = PBXBuildFile; fileRef = 3F721FE61CA2B01B00A9C99D /* DiscussVC.m */; settings = {ASSET_TAGS = (); }; };
		3F721FF11CA2B01B00A9C99D /* LoginVC.m in Sources */ = {isa = PBXBuildFile; fileRef = 3F721FE81CA2B01B00A9C99D /* LoginVC.m */; settings = {ASSET_TAGS = (); }; };
		3F721FF21CA2B01B00A9C99D /* LoginVC.xib in Resources */ = {isa = PBXBuildFile; fileRef = 3F721FE91CA2B01B00A9C99D /* LoginVC.xib */; settings = {ASSET_TAGS = (); }; };
		3F721FF31CA2B01B00A9C99D /* LoginDVC.m in Sources */ = {isa = PBXBuildFile; fileRef = 3F721FEB1CA2B01B00A9C99D /* LoginDVC.m */; settings = {ASSET_TAGS = (); }; };
		3F721FF41CA2B01B00A9C99D /* LoginDVC.xib in Resources */ = {isa = PBXBuildFile; fileRef = 3F721FEC1CA2B01B00A9C99D /* LoginDVC.xib */; settings = {ASSET_TAGS = (); }; };
		3F721FF51CA2B01B00A9C99D /* TeacherLoginVC.m in Sources */ = {isa = PBXBuildFile; fileRef = 3F721FEE1CA2B01B00A9C99D /* TeacherLoginVC.m */; settings = {ASSET_TAGS = (); }; };
		3F721FF61CA2B01B00A9C99D /* TeacherLoginVC.xib in Resources */ = {isa = PBXBuildFile; fileRef = 3F721FEF1CA2B01B00A9C99D /* TeacherLoginVC.xib */; settings = {ASSET_TAGS = (); }; };
		3F721FFD1CA2B0B800A9C99D /* DataManager.m in Sources */ = {isa = PBXBuildFile; fileRef = 3F721FFC1CA2B0B800A9C99D /* DataManager.m */; settings = {ASSET_TAGS = (); }; };
		3F7220001CA2B20700A9C99D /* ScanVC.m in Sources */ = {isa = PBXBuildFile; fileRef = 3F721FFF1CA2B20700A9C99D /* ScanVC.m */; settings = {ASSET_TAGS = (); }; };
		3F7220031CA2B22200A9C99D /* SignVC.m in Sources */ = {isa = PBXBuildFile; fileRef = 3F7220021CA2B22200A9C99D /* SignVC.m */; settings = {ASSET_TAGS = (); }; };
		3F7220061CA2B26600A9C99D /* HomeWorkVC.m in Sources */ = {isa = PBXBuildFile; fileRef = 3F7220051CA2B26600A9C99D /* HomeWorkVC.m */; settings = {ASSET_TAGS = (); }; };
		3F7220091CA2B27F00A9C99D /* ChatVC.m in Sources */ = {isa = PBXBuildFile; fileRef = 3F7220081CA2B27F00A9C99D /* ChatVC.m */; settings = {ASSET_TAGS = (); }; };
		3F73F6231CA1337A00A800AB /* HGDQQRCodeView.m in Sources */ = {isa = PBXBuildFile; fileRef = 3F73F6221CA1337A00A800AB /* HGDQQRCodeView.m */; settings = {ASSET_TAGS = (); }; };
		3F73F6261CA1342300A800AB /* MakeQRView.m in Sources */ = {isa = PBXBuildFile; fileRef = 3F73F6251CA1342300A800AB /* MakeQRView.m */; settings = {ASSET_TAGS = (); }; };
		3F73F6281CA1357B00A800AB /* 3.jpg in Resources */ = {isa = PBXBuildFile; fileRef = 3F73F6271CA1357B00A800AB /* 3.jpg */; settings = {ASSET_TAGS = (); }; };
		3F73F62D1CA17C0100A800AB /* RetunWeek.m in Sources */ = {isa = PBXBuildFile; fileRef = 3F73F62C1CA17C0100A800AB /* RetunWeek.m */; settings = {ASSET_TAGS = (); }; };
		3F73F9411CA189EA00A800AB /* libiconv.tbd in Frameworks */ = {isa = PBXBuildFile; fileRef = 3F73F9401CA189EA00A800AB /* libiconv.tbd */; };
		3F73F9431CA18A1100A800AB /* QuartzCore.framework in Frameworks */ = {isa = PBXBuildFile; fileRef = 3F73F9421CA18A1100A800AB /* QuartzCore.framework */; };
		3F73F9451CA18A2700A800AB /* CoreVideo.framework in Frameworks */ = {isa = PBXBuildFile; fileRef = 3F73F9441CA18A2700A800AB /* CoreVideo.framework */; };
		3F73F9471CA18A3D00A800AB /* CoreMedia.framework in Frameworks */ = {isa = PBXBuildFile; fileRef = 3F73F9461CA18A3D00A800AB /* CoreMedia.framework */; };
		3F73F9491CA18A5D00A800AB /* CoreGraphics.framework in Frameworks */ = {isa = PBXBuildFile; fileRef = 3F73F9481CA18A5D00A800AB /* CoreGraphics.framework */; };
		3F73F94B1CA18A6A00A800AB /* UIKit.framework in Frameworks */ = {isa = PBXBuildFile; fileRef = 3F73F94A1CA18A6A00A800AB /* UIKit.framework */; };
		3F76F4C91CA276110007AD1C /* libzbar.a in Frameworks */ = {isa = PBXBuildFile; fileRef = 3F76F4C81CA276110007AD1C /* libzbar.a */; settings = {ASSET_TAGS = (); }; };
		3F76F4CB1CA27CE30007AD1C /* 扫描线@2x.png in Resources */ = {isa = PBXBuildFile; fileRef = 3F76F4CA1CA27CE30007AD1C /* 扫描线@2x.png */; settings = {ASSET_TAGS = (); }; };
		3F76F4CD1CA27CEA0007AD1C /* 扫描框@2x.png in Resources */ = {isa = PBXBuildFile; fileRef = 3F76F4CC1CA27CEA0007AD1C /* 扫描框@2x.png */; settings = {ASSET_TAGS = (); }; };
		3F76F4CF1CA283F40007AD1C /* erweima.png in Resources */ = {isa = PBXBuildFile; fileRef = 3F76F4CE1CA283F40007AD1C /* erweima.png */; settings = {ASSET_TAGS = (); }; };
		3F76F4D41CA28FBA0007AD1C /* ScanQRView.m in Sources */ = {isa = PBXBuildFile; fileRef = 3F76F4D31CA28FBA0007AD1C /* ScanQRView.m */; settings = {ASSET_TAGS = (); }; };
		3F8617481CA4D4E60006407B /* HomeWorkDetailVC.m in Sources */ = {isa = PBXBuildFile; fileRef = 3F8617471CA4D4E60006407B /* HomeWorkDetailVC.m */; settings = {ASSET_TAGS = (); }; };
		3F9AB7A41CA533E900D0205C /* StudentSignDetailVC.m in Sources */ = {isa = PBXBuildFile; fileRef = 3F9AB7A31CA533E900D0205C /* StudentSignDetailVC.m */; settings = {ASSET_TAGS = (); }; };
		3FD4C1B11CA0391F005C9ADF /* AppDelegate.m in Sources */ = {isa = PBXBuildFile; fileRef = 3FD4C1B01CA0391F005C9ADF /* AppDelegate.m */; settings = {ASSET_TAGS = (); }; };
		3FD4C1C31CA03932005C9ADF /* TabViewController.m in Sources */ = {isa = PBXBuildFile; fileRef = 3FD4C1BD1CA03932005C9ADF /* TabViewController.m */; settings = {ASSET_TAGS = (); }; };
		3FDD62411CA0306A0022ABEA /* main.m in Sources */ = {isa = PBXBuildFile; fileRef = 3FDD62401CA0306A0022ABEA /* main.m */; };
		3FDD624A1CA0306A0022ABEA /* Main.storyboard in Resources */ = {isa = PBXBuildFile; fileRef = 3FDD62481CA0306A0022ABEA /* Main.storyboard */; };
		3FDD624C1CA0306A0022ABEA /* Assets.xcassets in Resources */ = {isa = PBXBuildFile; fileRef = 3FDD624B1CA0306A0022ABEA /* Assets.xcassets */; };
		3FDD624F1CA0306A0022ABEA /* LaunchScreen.storyboard in Resources */ = {isa = PBXBuildFile; fileRef = 3FDD624D1CA0306A0022ABEA /* LaunchScreen.storyboard */; };
		3FDD625A1CA0306A0022ABEA /* ____Tests.m in Sources */ = {isa = PBXBuildFile; fileRef = 3FDD62591CA0306A0022ABEA /* ____Tests.m */; };
		3FDD62651CA0306A0022ABEA /* ____UITests.m in Sources */ = {isa = PBXBuildFile; fileRef = 3FDD62641CA0306A0022ABEA /* ____UITests.m */; };
		3FDEBAA41CA14AB100E31195 /* BmobSDK.framework in Frameworks */ = {isa = PBXBuildFile; fileRef = 3FDEBAA31CA14AB100E31195 /* BmobSDK.framework */; settings = {ASSET_TAGS = (); }; };
		3FDEBAA61CA14ACC00E31195 /* CoreLocation.framework in Frameworks */ = {isa = PBXBuildFile; fileRef = 3FDEBAA51CA14ACC00E31195 /* CoreLocation.framework */; };
		3FDEBAA81CA14AD600E31195 /* Security.framework in Frameworks */ = {isa = PBXBuildFile; fileRef = 3FDEBAA71CA14AD600E31195 /* Security.framework */; };
		3FDEBAAA1CA14AE300E31195 /* MobileCoreServices.framework in Frameworks */ = {isa = PBXBuildFile; fileRef = 3FDEBAA91CA14AE300E31195 /* MobileCoreServices.framework */; };
		3FDEBAAC1CA14AEC00E31195 /* CFNetwork.framework in Frameworks */ = {isa = PBXBuildFile; fileRef = 3FDEBAAB1CA14AEC00E31195 /* CFNetwork.framework */; };
		3FDEBAAE1CA14AF400E31195 /* CoreTelephony.framework in Frameworks */ = {isa = PBXBuildFile; fileRef = 3FDEBAAD1CA14AF400E31195 /* CoreTelephony.framework */; };
		3FDEBAB01CA14AFD00E31195 /* SystemConfiguration.framework in Frameworks */ = {isa = PBXBuildFile; fileRef = 3FDEBAAF1CA14AFD00E31195 /* SystemConfiguration.framework */; };
		3FDEBAB21CA14B0800E31195 /* libz.1.2.5.tbd in Frameworks */ = {isa = PBXBuildFile; fileRef = 3FDEBAB11CA14B0800E31195 /* libz.1.2.5.tbd */; };
		3FDEBAB41CA14B1600E31195 /* libicucore.tbd in Frameworks */ = {isa = PBXBuildFile; fileRef = 3FDEBAB31CA14B1600E31195 /* libicucore.tbd */; };
		3FDEBAB61CA14B1F00E31195 /* libsqlite3.tbd in Frameworks */ = {isa = PBXBuildFile; fileRef = 3FDEBAB51CA14B1F00E31195 /* libsqlite3.tbd */; };
		3FDEBAB81CA14B2700E31195 /* AVFoundation.framework in Frameworks */ = {isa = PBXBuildFile; fileRef = 3FDEBAB71CA14B2700E31195 /* AVFoundation.framework */; };
		3FDEBABA1CA14B3000E31195 /* MediaPlayer.framework in Frameworks */ = {isa = PBXBuildFile; fileRef = 3FDEBAB91CA14B3000E31195 /* MediaPlayer.framework */; };
		3FDEBACA1CA1684600E31195 /* login.jpg in Resources */ = {isa = PBXBuildFile; fileRef = 3FDEBAC91CA1684600E31195 /* login.jpg */; settings = {ASSET_TAGS = (); }; };
/* End PBXBuildFile section */

/* Begin PBXContainerItemProxy section */
		3FDD62561CA0306A0022ABEA /* PBXContainerItemProxy */ = {
			isa = PBXContainerItemProxy;
			containerPortal = 3FDD62341CA0306A0022ABEA /* Project object */;
			proxyType = 1;
			remoteGlobalIDString = 3FDD623B1CA0306A0022ABEA;
			remoteInfo = "毕业设计";
		};
		3FDD62611CA0306A0022ABEA /* PBXContainerItemProxy */ = {
			isa = PBXContainerItemProxy;
			containerPortal = 3FDD62341CA0306A0022ABEA /* Project object */;
			proxyType = 1;
			remoteGlobalIDString = 3FDD623B1CA0306A0022ABEA;
			remoteInfo = "毕业设计";
		};
/* End PBXContainerItemProxy section */

/* Begin PBXFileReference section */
		3F46A5BC1CA560AF0081834B /* StudentSignDetailCell.h */ = {isa = PBXFileReference; fileEncoding = 4; lastKnownFileType = sourcecode.c.h; path = StudentSignDetailCell.h; sourceTree = "<group>"; };
		3F46A5BD1CA560AF0081834B /* StudentSignDetailCell.m */ = {isa = PBXFileReference; fileEncoding = 4; lastKnownFileType = sourcecode.c.objc; path = StudentSignDetailCell.m; sourceTree = "<group>"; };
		3F46A5BE1CA560AF0081834B /* StudentSignDetailCell.xib */ = {isa = PBXFileReference; fileEncoding = 4; lastKnownFileType = file.xib; path = StudentSignDetailCell.xib; sourceTree = "<group>"; };
		3F46A5C21CA561060081834B /* StudentHomeWorkView.h */ = {isa = PBXFileReference; fileEncoding = 4; lastKnownFileType = sourcecode.c.h; path = StudentHomeWorkView.h; sourceTree = "<group>"; };
		3F46A5C31CA561060081834B /* StudentHomeWorkView.m */ = {isa = PBXFileReference; fileEncoding = 4; lastKnownFileType = sourcecode.c.objc; path = StudentHomeWorkView.m; sourceTree = "<group>"; };
		3F46A5C41CA561060081834B /* StudentHomeWorkView.xib */ = {isa = PBXFileReference; fileEncoding = 4; lastKnownFileType = file.xib; path = StudentHomeWorkView.xib; sourceTree = "<group>"; };
		3F46A5C71CA5627F0081834B /* StudentListVC.h */ = {isa = PBXFileReference; fileEncoding = 4; lastKnownFileType = sourcecode.c.h; path = StudentListVC.h; sourceTree = "<group>"; };
		3F46A5C81CA5627F0081834B /* StudentListVC.m */ = {isa = PBXFileReference; fileEncoding = 4; lastKnownFileType = sourcecode.c.objc; path = StudentListVC.m; sourceTree = "<group>"; };
		3F4AB2A81CA3ED2C00EA6D56 /* SentMessageVC.h */ = {isa = PBXFileReference; fileEncoding = 4; lastKnownFileType = sourcecode.c.h; path = SentMessageVC.h; sourceTree = "<group>"; };
		3F4AB2A91CA3ED2C00EA6D56 /* SentMessageVC.m */ = {isa = PBXFileReference; fileEncoding = 4; lastKnownFileType = sourcecode.c.objc; path = SentMessageVC.m; sourceTree = "<group>"; };
		3F721FE51CA2B01B00A9C99D /* DiscussVC.h */ = {isa = PBXFileReference; fileEncoding = 4; lastKnownFileType = sourcecode.c.h; path = DiscussVC.h; sourceTree = "<group>"; };
		3F721FE61CA2B01B00A9C99D /* DiscussVC.m */ = {isa = PBXFileReference; fileEncoding = 4; lastKnownFileType = sourcecode.c.objc; path = DiscussVC.m; sourceTree = "<group>"; };
		3F721FE71CA2B01B00A9C99D /* LoginVC.h */ = {isa = PBXFileReference; fileEncoding = 4; lastKnownFileType = sourcecode.c.h; path = LoginVC.h; sourceTree = "<group>"; };
		3F721FE81CA2B01B00A9C99D /* LoginVC.m */ = {isa = PBXFileReference; fileEncoding = 4; lastKnownFileType = sourcecode.c.objc; path = LoginVC.m; sourceTree = "<group>"; };
		3F721FE91CA2B01B00A9C99D /* LoginVC.xib */ = {isa = PBXFileReference; fileEncoding = 4; lastKnownFileType = file.xib; path = LoginVC.xib; sourceTree = "<group>"; };
		3F721FEA1CA2B01B00A9C99D /* LoginDVC.h */ = {isa = PBXFileReference; fileEncoding = 4; lastKnownFileType = sourcecode.c.h; path = LoginDVC.h; sourceTree = "<group>"; };
		3F721FEB1CA2B01B00A9C99D /* LoginDVC.m */ = {isa = PBXFileReference; fileEncoding = 4; lastKnownFileType = sourcecode.c.objc; path = LoginDVC.m; sourceTree = "<group>"; };
		3F721FEC1CA2B01B00A9C99D /* LoginDVC.xib */ = {isa = PBXFileReference; fileEncoding = 4; lastKnownFileType = file.xib; path = LoginDVC.xib; sourceTree = "<group>"; };
		3F721FED1CA2B01B00A9C99D /* TeacherLoginVC.h */ = {isa = PBXFileReference; fileEncoding = 4; lastKnownFileType = sourcecode.c.h; path = TeacherLoginVC.h; sourceTree = "<group>"; };
		3F721FEE1CA2B01B00A9C99D /* TeacherLoginVC.m */ = {isa = PBXFileReference; fileEncoding = 4; lastKnownFileType = sourcecode.c.objc; path = TeacherLoginVC.m; sourceTree = "<group>"; };
		3F721FEF1CA2B01B00A9C99D /* TeacherLoginVC.xib */ = {isa = PBXFileReference; fileEncoding = 4; lastKnownFileType = file.xib; path = TeacherLoginVC.xib; sourceTree = "<group>"; };
		3F721FFB1CA2B0B800A9C99D /* DataManager.h */ = {isa = PBXFileReference; fileEncoding = 4; lastKnownFileType = sourcecode.c.h; path = DataManager.h; sourceTree = "<group>"; };
		3F721FFC1CA2B0B800A9C99D /* DataManager.m */ = {isa = PBXFileReference; fileEncoding = 4; lastKnownFileType = sourcecode.c.objc; path = DataManager.m; sourceTree = "<group>"; };
		3F721FFE1CA2B20700A9C99D /* ScanVC.h */ = {isa = PBXFileReference; fileEncoding = 4; lastKnownFileType = sourcecode.c.h; path = ScanVC.h; sourceTree = "<group>"; };
		3F721FFF1CA2B20700A9C99D /* ScanVC.m */ = {isa = PBXFileReference; fileEncoding = 4; lastKnownFileType = sourcecode.c.objc; path = ScanVC.m; sourceTree = "<group>"; };
		3F7220011CA2B22200A9C99D /* SignVC.h */ = {isa = PBXFileReference; fileEncoding = 4; lastKnownFileType = sourcecode.c.h; path = SignVC.h; sourceTree = "<group>"; };
		3F7220021CA2B22200A9C99D /* SignVC.m */ = {isa = PBXFileReference; fileEncoding = 4; lastKnownFileType = sourcecode.c.objc; path = SignVC.m; sourceTree = "<group>"; };
		3F7220041CA2B26600A9C99D /* HomeWorkVC.h */ = {isa = PBXFileReference; fileEncoding = 4; lastKnownFileType = sourcecode.c.h; path = HomeWorkVC.h; sourceTree = "<group>"; };
		3F7220051CA2B26600A9C99D /* HomeWorkVC.m */ = {isa = PBXFileReference; fileEncoding = 4; lastKnownFileType = sourcecode.c.objc; path = HomeWorkVC.m; sourceTree = "<group>"; };
		3F7220071CA2B27F00A9C99D /* ChatVC.h */ = {isa = PBXFileReference; fileEncoding = 4; lastKnownFileType = sourcecode.c.h; path = ChatVC.h; sourceTree = "<group>"; };
		3F7220081CA2B27F00A9C99D /* ChatVC.m */ = {isa = PBXFileReference; fileEncoding = 4; lastKnownFileType = sourcecode.c.objc; path = ChatVC.m; sourceTree = "<group>"; };
		3F73F6211CA1337A00A800AB /* HGDQQRCodeView.h */ = {isa = PBXFileReference; fileEncoding = 4; lastKnownFileType = sourcecode.c.h; path = HGDQQRCodeView.h; sourceTree = "<group>"; };
		3F73F6221CA1337A00A800AB /* HGDQQRCodeView.m */ = {isa = PBXFileReference; fileEncoding = 4; lastKnownFileType = sourcecode.c.objc; path = HGDQQRCodeView.m; sourceTree = "<group>"; };
		3F73F6241CA1342300A800AB /* MakeQRView.h */ = {isa = PBXFileReference; fileEncoding = 4; lastKnownFileType = sourcecode.c.h; path = MakeQRView.h; sourceTree = "<group>"; };
		3F73F6251CA1342300A800AB /* MakeQRView.m */ = {isa = PBXFileReference; fileEncoding = 4; lastKnownFileType = sourcecode.c.objc; path = MakeQRView.m; sourceTree = "<group>"; };
		3F73F6271CA1357B00A800AB /* 3.jpg */ = {isa = PBXFileReference; lastKnownFileType = image.jpeg; name = 3.jpg; path = ../View/3.jpg; sourceTree = "<group>"; };
		3F73F62B1CA17C0100A800AB /* RetunWeek.h */ = {isa = PBXFileReference; fileEncoding = 4; lastKnownFileType = sourcecode.c.h; path = RetunWeek.h; sourceTree = "<group>"; };
		3F73F62C1CA17C0100A800AB /* RetunWeek.m */ = {isa = PBXFileReference; fileEncoding = 4; lastKnownFileType = sourcecode.c.objc; path = RetunWeek.m; sourceTree = "<group>"; };
		3F73F9401CA189EA00A800AB /* libiconv.tbd */ = {isa = PBXFileReference; lastKnownFileType = "sourcecode.text-based-dylib-definition"; name = libiconv.tbd; path = usr/lib/libiconv.tbd; sourceTree = SDKROOT; };
		3F73F9421CA18A1100A800AB /* QuartzCore.framework */ = {isa = PBXFileReference; lastKnownFileType = wrapper.framework; name = QuartzCore.framework; path = System/Library/Frameworks/QuartzCore.framework; sourceTree = SDKROOT; };
		3F73F9441CA18A2700A800AB /* CoreVideo.framework */ = {isa = PBXFileReference; lastKnownFileType = wrapper.framework; name = CoreVideo.framework; path = System/Library/Frameworks/CoreVideo.framework; sourceTree = SDKROOT; };
		3F73F9461CA18A3D00A800AB /* CoreMedia.framework */ = {isa = PBXFileReference; lastKnownFileType = wrapper.framework; name = CoreMedia.framework; path = System/Library/Frameworks/CoreMedia.framework; sourceTree = SDKROOT; };
		3F73F9481CA18A5D00A800AB /* CoreGraphics.framework */ = {isa = PBXFileReference; lastKnownFileType = wrapper.framework; name = CoreGraphics.framework; path = System/Library/Frameworks/CoreGraphics.framework; sourceTree = SDKROOT; };
		3F73F94A1CA18A6A00A800AB /* UIKit.framework */ = {isa = PBXFileReference; lastKnownFileType = wrapper.framework; name = UIKit.framework; path = System/Library/Frameworks/UIKit.framework; sourceTree = SDKROOT; };
		3F73F94E1CA18DBF00A800AB /* Decoder.h */ = {isa = PBXFileReference; fileEncoding = 4; lastKnownFileType = sourcecode.c.h; path = Decoder.h; sourceTree = "<group>"; };
		3F73F94F1CA18DBF00A800AB /* Exception.h */ = {isa = PBXFileReference; fileEncoding = 4; lastKnownFileType = sourcecode.c.h; path = Exception.h; sourceTree = "<group>"; };
		3F73F9501CA18DBF00A800AB /* Image.h */ = {isa = PBXFileReference; fileEncoding = 4; lastKnownFileType = sourcecode.c.h; path = Image.h; sourceTree = "<group>"; };
		3F73F9511CA18DBF00A800AB /* ImageScanner.h */ = {isa = PBXFileReference; fileEncoding = 4; lastKnownFileType = sourcecode.c.h; path = ImageScanner.h; sourceTree = "<group>"; };
		3F73F9521CA18DBF00A800AB /* Processor.h */ = {isa = PBXFileReference; fileEncoding = 4; lastKnownFileType = sourcecode.c.h; path = Processor.h; sourceTree = "<group>"; };
		3F73F9531CA18DBF00A800AB /* Scanner.h */ = {isa = PBXFileReference; fileEncoding = 4; lastKnownFileType = sourcecode.c.h; path = Scanner.h; sourceTree = "<group>"; };
		3F73F9541CA18DBF00A800AB /* Symbol.h */ = {isa = PBXFileReference; fileEncoding = 4; lastKnownFileType = sourcecode.c.h; path = Symbol.h; sourceTree = "<group>"; };
		3F73F9551CA18DBF00A800AB /* Video.h */ = {isa = PBXFileReference; fileEncoding = 4; lastKnownFileType = sourcecode.c.h; path = Video.h; sourceTree = "<group>"; };
		3F73F9561CA18DBF00A800AB /* Window.h */ = {isa = PBXFileReference; fileEncoding = 4; lastKnownFileType = sourcecode.c.h; path = Window.h; sourceTree = "<group>"; };
		3F73F9571CA18DBF00A800AB /* zbar.h */ = {isa = PBXFileReference; fileEncoding = 4; lastKnownFileType = sourcecode.c.h; path = zbar.h; sourceTree = "<group>"; };
		3F73F9581CA18DBF00A800AB /* ZBarCameraSimulator.h */ = {isa = PBXFileReference; fileEncoding = 4; lastKnownFileType = sourcecode.c.h; path = ZBarCameraSimulator.h; sourceTree = "<group>"; };
		3F73F9591CA18DBF00A800AB /* ZBarCaptureReader.h */ = {isa = PBXFileReference; fileEncoding = 4; lastKnownFileType = sourcecode.c.h; path = ZBarCaptureReader.h; sourceTree = "<group>"; };
		3F73F95A1CA18DBF00A800AB /* ZBarHelpController.h */ = {isa = PBXFileReference; fileEncoding = 4; lastKnownFileType = sourcecode.c.h; path = ZBarHelpController.h; sourceTree = "<group>"; };
		3F73F95B1CA18DBF00A800AB /* ZBarImage.h */ = {isa = PBXFileReference; fileEncoding = 4; lastKnownFileType = sourcecode.c.h; path = ZBarImage.h; sourceTree = "<group>"; };
		3F73F95C1CA18DBF00A800AB /* ZBarImageScanner.h */ = {isa = PBXFileReference; fileEncoding = 4; lastKnownFileType = sourcecode.c.h; path = ZBarImageScanner.h; sourceTree = "<group>"; };
		3F73F95D1CA18DBF00A800AB /* ZBarReaderController.h */ = {isa = PBXFileReference; fileEncoding = 4; lastKnownFileType = sourcecode.c.h; path = ZBarReaderController.h; sourceTree = "<group>"; };
		3F73F95E1CA18DBF00A800AB /* ZBarReaderView.h */ = {isa = PBXFileReference; fileEncoding = 4; lastKnownFileType = sourcecode.c.h; path = ZBarReaderView.h; sourceTree = "<group>"; };
		3F73F95F1CA18DBF00A800AB /* ZBarReaderViewController.h */ = {isa = PBXFileReference; fileEncoding = 4; lastKnownFileType = sourcecode.c.h; path = ZBarReaderViewController.h; sourceTree = "<group>"; };
		3F73F9601CA18DBF00A800AB /* ZBarSDK.h */ = {isa = PBXFileReference; fileEncoding = 4; lastKnownFileType = sourcecode.c.h; path = ZBarSDK.h; sourceTree = "<group>"; };
		3F73F9611CA18DBF00A800AB /* ZBarSymbol.h */ = {isa = PBXFileReference; fileEncoding = 4; lastKnownFileType = sourcecode.c.h; path = ZBarSymbol.h; sourceTree = "<group>"; };
		3F76F4C81CA276110007AD1C /* libzbar.a */ = {isa = PBXFileReference; lastKnownFileType = archive.ar; path = libzbar.a; sourceTree = "<group>"; };
		3F76F4CA1CA27CE30007AD1C /* 扫描线@2x.png */ = {isa = PBXFileReference; lastKnownFileType = image.png; path = "扫描线@2x.png"; sourceTree = "<group>"; };
		3F76F4CC1CA27CEA0007AD1C /* 扫描框@2x.png */ = {isa = PBXFileReference; lastKnownFileType = image.png; path = "扫描框@2x.png"; sourceTree = "<group>"; };
		3F76F4CE1CA283F40007AD1C /* erweima.png */ = {isa = PBXFileReference; lastKnownFileType = image.png; path = erweima.png; sourceTree = "<group>"; };
		3F76F4D21CA28FBA0007AD1C /* ScanQRView.h */ = {isa = PBXFileReference; fileEncoding = 4; lastKnownFileType = sourcecode.c.h; path = ScanQRView.h; sourceTree = "<group>"; };
		3F76F4D31CA28FBA0007AD1C /* ScanQRView.m */ = {isa = PBXFileReference; fileEncoding = 4; lastKnownFileType = sourcecode.c.objc; path = ScanQRView.m; sourceTree = "<group>"; };
		3F8617461CA4D4E60006407B /* HomeWorkDetailVC.h */ = {isa = PBXFileReference; fileEncoding = 4; lastKnownFileType = sourcecode.c.h; path = HomeWorkDetailVC.h; sourceTree = "<group>"; };
		3F8617471CA4D4E60006407B /* HomeWorkDetailVC.m */ = {isa = PBXFileReference; fileEncoding = 4; lastKnownFileType = sourcecode.c.objc; path = HomeWorkDetailVC.m; sourceTree = "<group>"; };
		3F9AB7A21CA533E900D0205C /* StudentSignDetailVC.h */ = {isa = PBXFileReference; fileEncoding = 4; lastKnownFileType = sourcecode.c.h; path = StudentSignDetailVC.h; sourceTree = "<group>"; };
		3F9AB7A31CA533E900D0205C /* StudentSignDetailVC.m */ = {isa = PBXFileReference; fileEncoding = 4; lastKnownFileType = sourcecode.c.objc; path = StudentSignDetailVC.m; sourceTree = "<group>"; };
		3FD4C1AF1CA0391F005C9ADF /* AppDelegate.h */ = {isa = PBXFileReference; fileEncoding = 4; lastKnownFileType = sourcecode.c.h; path = AppDelegate.h; sourceTree = "<group>"; };
		3FD4C1B01CA0391F005C9ADF /* AppDelegate.m */ = {isa = PBXFileReference; fileEncoding = 4; lastKnownFileType = sourcecode.c.objc; path = AppDelegate.m; sourceTree = "<group>"; };
		3FD4C1BC1CA03932005C9ADF /* TabViewController.h */ = {isa = PBXFileReference; fileEncoding = 4; lastKnownFileType = sourcecode.c.h; name = TabViewController.h; path = ../Controller/TabViewController.h; sourceTree = "<group>"; };
		3FD4C1BD1CA03932005C9ADF /* TabViewController.m */ = {isa = PBXFileReference; fileEncoding = 4; lastKnownFileType = sourcecode.c.objc; name = TabViewController.m; path = ../Controller/TabViewController.m; sourceTree = "<group>"; };
		3FDD623C1CA0306A0022ABEA /* 毕业设计.app */ = {isa = PBXFileReference; explicitFileType = wrapper.application; includeInIndex = 0; path = "毕业设计.app"; sourceTree = BUILT_PRODUCTS_DIR; };
		3FDD62401CA0306A0022ABEA /* main.m */ = {isa = PBXFileReference; lastKnownFileType = sourcecode.c.objc; path = main.m; sourceTree = "<group>"; };
		3FDD62491CA0306A0022ABEA /* Base */ = {isa = PBXFileReference; lastKnownFileType = file.storyboard; name = Base; path = Base.lproj/Main.storyboard; sourceTree = "<group>"; };
		3FDD624B1CA0306A0022ABEA /* Assets.xcassets */ = {isa = PBXFileReference; lastKnownFileType = folder.assetcatalog; path = Assets.xcassets; sourceTree = "<group>"; };
		3FDD624E1CA0306A0022ABEA /* Base */ = {isa = PBXFileReference; lastKnownFileType = file.storyboard; name = Base; path = Base.lproj/LaunchScreen.storyboard; sourceTree = "<group>"; };
		3FDD62501CA0306A0022ABEA /* Info.plist */ = {isa = PBXFileReference; lastKnownFileType = text.plist.xml; path = Info.plist; sourceTree = "<group>"; };
		3FDD62551CA0306A0022ABEA /* 毕业设计Tests.xctest */ = {isa = PBXFileReference; explicitFileType = wrapper.cfbundle; includeInIndex = 0; path = "毕业设计Tests.xctest"; sourceTree = BUILT_PRODUCTS_DIR; };
		3FDD62591CA0306A0022ABEA /* ____Tests.m */ = {isa = PBXFileReference; lastKnownFileType = sourcecode.c.objc; path = "____Tests.m"; sourceTree = "<group>"; };
		3FDD625B1CA0306A0022ABEA /* Info.plist */ = {isa = PBXFileReference; lastKnownFileType = text.plist.xml; path = Info.plist; sourceTree = "<group>"; };
		3FDD62601CA0306A0022ABEA /* 毕业设计UITests.xctest */ = {isa = PBXFileReference; explicitFileType = wrapper.cfbundle; includeInIndex = 0; path = "毕业设计UITests.xctest"; sourceTree = BUILT_PRODUCTS_DIR; };
		3FDD62641CA0306A0022ABEA /* ____UITests.m */ = {isa = PBXFileReference; lastKnownFileType = sourcecode.c.objc; path = "____UITests.m"; sourceTree = "<group>"; };
		3FDD62661CA0306A0022ABEA /* Info.plist */ = {isa = PBXFileReference; lastKnownFileType = text.plist.xml; path = Info.plist; sourceTree = "<group>"; };
		3FDEBAA31CA14AB100E31195 /* BmobSDK.framework */ = {isa = PBXFileReference; lastKnownFileType = wrapper.framework; path = BmobSDK.framework; sourceTree = "<group>"; };
		3FDEBAA51CA14ACC00E31195 /* CoreLocation.framework */ = {isa = PBXFileReference; lastKnownFileType = wrapper.framework; name = CoreLocation.framework; path = System/Library/Frameworks/CoreLocation.framework; sourceTree = SDKROOT; };
		3FDEBAA71CA14AD600E31195 /* Security.framework */ = {isa = PBXFileReference; lastKnownFileType = wrapper.framework; name = Security.framework; path = System/Library/Frameworks/Security.framework; sourceTree = SDKROOT; };
		3FDEBAA91CA14AE300E31195 /* MobileCoreServices.framework */ = {isa = PBXFileReference; lastKnownFileType = wrapper.framework; name = MobileCoreServices.framework; path = System/Library/Frameworks/MobileCoreServices.framework; sourceTree = SDKROOT; };
		3FDEBAAB1CA14AEC00E31195 /* CFNetwork.framework */ = {isa = PBXFileReference; lastKnownFileType = wrapper.framework; name = CFNetwork.framework; path = System/Library/Frameworks/CFNetwork.framework; sourceTree = SDKROOT; };
		3FDEBAAD1CA14AF400E31195 /* CoreTelephony.framework */ = {isa = PBXFileReference; lastKnownFileType = wrapper.framework; name = CoreTelephony.framework; path = System/Library/Frameworks/CoreTelephony.framework; sourceTree = SDKROOT; };
		3FDEBAAF1CA14AFD00E31195 /* SystemConfiguration.framework */ = {isa = PBXFileReference; lastKnownFileType = wrapper.framework; name = SystemConfiguration.framework; path = System/Library/Frameworks/SystemConfiguration.framework; sourceTree = SDKROOT; };
		3FDEBAB11CA14B0800E31195 /* libz.1.2.5.tbd */ = {isa = PBXFileReference; lastKnownFileType = "sourcecode.text-based-dylib-definition"; name = libz.1.2.5.tbd; path = usr/lib/libz.1.2.5.tbd; sourceTree = SDKROOT; };
		3FDEBAB31CA14B1600E31195 /* libicucore.tbd */ = {isa = PBXFileReference; lastKnownFileType = "sourcecode.text-based-dylib-definition"; name = libicucore.tbd; path = usr/lib/libicucore.tbd; sourceTree = SDKROOT; };
		3FDEBAB51CA14B1F00E31195 /* libsqlite3.tbd */ = {isa = PBXFileReference; lastKnownFileType = "sourcecode.text-based-dylib-definition"; name = libsqlite3.tbd; path = usr/lib/libsqlite3.tbd; sourceTree = SDKROOT; };
		3FDEBAB71CA14B2700E31195 /* AVFoundation.framework */ = {isa = PBXFileReference; lastKnownFileType = wrapper.framework; name = AVFoundation.framework; path = System/Library/Frameworks/AVFoundation.framework; sourceTree = SDKROOT; };
		3FDEBAB91CA14B3000E31195 /* MediaPlayer.framework */ = {isa = PBXFileReference; lastKnownFileType = wrapper.framework; name = MediaPlayer.framework; path = System/Library/Frameworks/MediaPlayer.framework; sourceTree = SDKROOT; };
		3FDEBAC91CA1684600E31195 /* login.jpg */ = {isa = PBXFileReference; lastKnownFileType = image.jpeg; path = login.jpg; sourceTree = "<group>"; };
/* End PBXFileReference section */

/* Begin PBXFrameworksBuildPhase section */
		3FDD62391CA0306A0022ABEA /* Frameworks */ = {
			isa = PBXFrameworksBuildPhase;
			buildActionMask = 2147483647;
			files = (
				3F73F94B1CA18A6A00A800AB /* UIKit.framework in Frameworks */,
				3F73F9491CA18A5D00A800AB /* CoreGraphics.framework in Frameworks */,
				3F73F9471CA18A3D00A800AB /* CoreMedia.framework in Frameworks */,
				3F73F9451CA18A2700A800AB /* CoreVideo.framework in Frameworks */,
				3F76F4C91CA276110007AD1C /* libzbar.a in Frameworks */,
				3F73F9431CA18A1100A800AB /* QuartzCore.framework in Frameworks */,
				3F73F9411CA189EA00A800AB /* libiconv.tbd in Frameworks */,
				3FDEBABA1CA14B3000E31195 /* MediaPlayer.framework in Frameworks */,
				3FDEBAB81CA14B2700E31195 /* AVFoundation.framework in Frameworks */,
				3FDEBAB61CA14B1F00E31195 /* libsqlite3.tbd in Frameworks */,
				3FDEBAB41CA14B1600E31195 /* libicucore.tbd in Frameworks */,
				3FDEBAB21CA14B0800E31195 /* libz.1.2.5.tbd in Frameworks */,
				3FDEBAB01CA14AFD00E31195 /* SystemConfiguration.framework in Frameworks */,
				3FDEBAAE1CA14AF400E31195 /* CoreTelephony.framework in Frameworks */,
				3FDEBAAC1CA14AEC00E31195 /* CFNetwork.framework in Frameworks */,
				3FDEBAAA1CA14AE300E31195 /* MobileCoreServices.framework in Frameworks */,
				3FDEBAA81CA14AD600E31195 /* Security.framework in Frameworks */,
				3FDEBAA61CA14ACC00E31195 /* CoreLocation.framework in Frameworks */,
				3FDEBAA41CA14AB100E31195 /* BmobSDK.framework in Frameworks */,
			);
			runOnlyForDeploymentPostprocessing = 0;
		};
		3FDD62521CA0306A0022ABEA /* Frameworks */ = {
			isa = PBXFrameworksBuildPhase;
			buildActionMask = 2147483647;
			files = (
			);
			runOnlyForDeploymentPostprocessing = 0;
		};
		3FDD625D1CA0306A0022ABEA /* Frameworks */ = {
			isa = PBXFrameworksBuildPhase;
			buildActionMask = 2147483647;
			files = (
			);
			runOnlyForDeploymentPostprocessing = 0;
		};
/* End PBXFrameworksBuildPhase section */

/* Begin PBXGroup section */
		3F46A5BA1CA55FDE0081834B /* SignView */ = {
			isa = PBXGroup;
			children = (
				3F46A5BC1CA560AF0081834B /* StudentSignDetailCell.h */,
				3F46A5BD1CA560AF0081834B /* StudentSignDetailCell.m */,
				3F46A5BE1CA560AF0081834B /* StudentSignDetailCell.xib */,
			);
			path = SignView;
			sourceTree = "<group>";
		};
		3F46A5C11CA560DB0081834B /* HomeWorkView */ = {
			isa = PBXGroup;
			children = (
				3F46A5C21CA561060081834B /* StudentHomeWorkView.h */,
				3F46A5C31CA561060081834B /* StudentHomeWorkView.m */,
				3F46A5C41CA561060081834B /* StudentHomeWorkView.xib */,
			);
			path = HomeWorkView;
			sourceTree = "<group>";
		};
		3F721FE41CA2AFD400A9C99D /* Discussion */ = {
			isa = PBXGroup;
			children = (
				3F721FE51CA2B01B00A9C99D /* DiscussVC.h */,
				3F721FE61CA2B01B00A9C99D /* DiscussVC.m */,
				3F721FE71CA2B01B00A9C99D /* LoginVC.h */,
				3F721FE81CA2B01B00A9C99D /* LoginVC.m */,
				3F721FE91CA2B01B00A9C99D /* LoginVC.xib */,
				3F721FEA1CA2B01B00A9C99D /* LoginDVC.h */,
				3F721FEB1CA2B01B00A9C99D /* LoginDVC.m */,
				3F721FEC1CA2B01B00A9C99D /* LoginDVC.xib */,
				3F721FED1CA2B01B00A9C99D /* TeacherLoginVC.h */,
				3F721FEE1CA2B01B00A9C99D /* TeacherLoginVC.m */,
				3F721FEF1CA2B01B00A9C99D /* TeacherLoginVC.xib */,
			);
			path = Discussion;
			sourceTree = "<group>";
		};
		3F721FF71CA2B02100A9C99D /* Scan */ = {
			isa = PBXGroup;
			children = (
				3F721FFE1CA2B20700A9C99D /* ScanVC.h */,
				3F721FFF1CA2B20700A9C99D /* ScanVC.m */,
			);
			path = Scan;
			sourceTree = "<group>";
		};
		3F721FF81CA2B05B00A9C99D /* Sign */ = {
			isa = PBXGroup;
			children = (
				3F7220011CA2B22200A9C99D /* SignVC.h */,
				3F7220021CA2B22200A9C99D /* SignVC.m */,
				3F9AB7A21CA533E900D0205C /* StudentSignDetailVC.h */,
				3F9AB7A31CA533E900D0205C /* StudentSignDetailVC.m */,
				3F46A5C71CA5627F0081834B /* StudentListVC.h */,
				3F46A5C81CA5627F0081834B /* StudentListVC.m */,
			);
			path = Sign;
			sourceTree = "<group>";
		};
		3F721FF91CA2B06E00A9C99D /* HomeoWork */ = {
			isa = PBXGroup;
			children = (
				3F7220041CA2B26600A9C99D /* HomeWorkVC.h */,
				3F7220051CA2B26600A9C99D /* HomeWorkVC.m */,
				3F8617461CA4D4E60006407B /* HomeWorkDetailVC.h */,
				3F8617471CA4D4E60006407B /* HomeWorkDetailVC.m */,
			);
			path = HomeoWork;
			sourceTree = "<group>";
		};
		3F721FFA1CA2B08A00A9C99D /* Chat */ = {
			isa = PBXGroup;
			children = (
				3F7220071CA2B27F00A9C99D /* ChatVC.h */,
				3F7220081CA2B27F00A9C99D /* ChatVC.m */,
				3F4AB2A81CA3ED2C00EA6D56 /* SentMessageVC.h */,
				3F4AB2A91CA3ED2C00EA6D56 /* SentMessageVC.m */,
			);
			path = Chat;
			sourceTree = "<group>";
		};
		3F73F62A1CA17BD900A800AB /* helper */ = {
			isa = PBXGroup;
			children = (
				3F73F94C1CA18DBF00A800AB /* ZBarSDK */,
				3F73F62B1CA17C0100A800AB /* RetunWeek.h */,
				3F73F62C1CA17C0100A800AB /* RetunWeek.m */,
			);
			path = helper;
			sourceTree = "<group>";
		};
		3F73F94C1CA18DBF00A800AB /* ZBarSDK */ = {
			isa = PBXGroup;
			children = (
				3F73F94D1CA18DBF00A800AB /* zbar */,
				3F73F9571CA18DBF00A800AB /* zbar.h */,
				3F73F9581CA18DBF00A800AB /* ZBarCameraSimulator.h */,
				3F73F9591CA18DBF00A800AB /* ZBarCaptureReader.h */,
				3F73F95A1CA18DBF00A800AB /* ZBarHelpController.h */,
				3F73F95B1CA18DBF00A800AB /* ZBarImage.h */,
				3F73F95C1CA18DBF00A800AB /* ZBarImageScanner.h */,
				3F73F95D1CA18DBF00A800AB /* ZBarReaderController.h */,
				3F73F95E1CA18DBF00A800AB /* ZBarReaderView.h */,
				3F73F95F1CA18DBF00A800AB /* ZBarReaderViewController.h */,
				3F73F9601CA18DBF00A800AB /* ZBarSDK.h */,
				3F73F9611CA18DBF00A800AB /* ZBarSymbol.h */,
			);
			path = ZBarSDK;
			sourceTree = "<group>";
		};
		3F73F94D1CA18DBF00A800AB /* zbar */ = {
			isa = PBXGroup;
			children = (
				3F73F94E1CA18DBF00A800AB /* Decoder.h */,
				3F73F94F1CA18DBF00A800AB /* Exception.h */,
				3F73F9501CA18DBF00A800AB /* Image.h */,
				3F73F9511CA18DBF00A800AB /* ImageScanner.h */,
				3F73F9521CA18DBF00A800AB /* Processor.h */,
				3F73F9531CA18DBF00A800AB /* Scanner.h */,
				3F73F9541CA18DBF00A800AB /* Symbol.h */,
				3F73F9551CA18DBF00A800AB /* Video.h */,
				3F73F9561CA18DBF00A800AB /* Window.h */,
			);
			path = zbar;
			sourceTree = "<group>";
		};
		3FDD62331CA030690022ABEA = {
			isa = PBXGroup;
			children = (
				3FDD623E1CA0306A0022ABEA /* 毕业设计 */,
				3FDD62581CA0306A0022ABEA /* 毕业设计Tests */,
				3FDD62631CA0306A0022ABEA /* 毕业设计UITests */,
				3FDD623D1CA0306A0022ABEA /* Products */,
			);
			sourceTree = "<group>";
		};
		3FDD623D1CA0306A0022ABEA /* Products */ = {
			isa = PBXGroup;
			children = (
				3FDD623C1CA0306A0022ABEA /* 毕业设计.app */,
				3FDD62551CA0306A0022ABEA /* 毕业设计Tests.xctest */,
				3FDD62601CA0306A0022ABEA /* 毕业设计UITests.xctest */,
			);
			name = Products;
			sourceTree = "<group>";
		};
		3FDD623E1CA0306A0022ABEA /* 毕业设计 */ = {
			isa = PBXGroup;
			children = (
				3F73F62A1CA17BD900A800AB /* helper */,
				3FDEBABC1CA14CC000E31195 /* Pic */,
				3FDEBAA21CA14A9E00E31195 /* Tool */,
				3FDD62871CA033BA0022ABEA /* APP */,
				3FDD62861CA033960022ABEA /* Controller */,
				3FDD62851CA033920022ABEA /* View */,
				3FDD62841CA0338B0022ABEA /* Model */,
				3FDD623F1CA0306A0022ABEA /* Supporting Files */,
			);
			path = "毕业设计";
			sourceTree = "<group>";
		};
		3FDD623F1CA0306A0022ABEA /* Supporting Files */ = {
			isa = PBXGroup;
			children = (
				3F73F94A1CA18A6A00A800AB /* UIKit.framework */,
				3F73F9481CA18A5D00A800AB /* CoreGraphics.framework */,
				3F73F9461CA18A3D00A800AB /* CoreMedia.framework */,
				3F73F9441CA18A2700A800AB /* CoreVideo.framework */,
				3F73F9421CA18A1100A800AB /* QuartzCore.framework */,
				3F73F9401CA189EA00A800AB /* libiconv.tbd */,
				3FDD62481CA0306A0022ABEA /* Main.storyboard */,
				3FDD624B1CA0306A0022ABEA /* Assets.xcassets */,
				3FDD624D1CA0306A0022ABEA /* LaunchScreen.storyboard */,
				3FDD62501CA0306A0022ABEA /* Info.plist */,
				3FDD62401CA0306A0022ABEA /* main.m */,
			);
			name = "Supporting Files";
			sourceTree = "<group>";
		};
		3FDD62581CA0306A0022ABEA /* 毕业设计Tests */ = {
			isa = PBXGroup;
			children = (
				3FDD62591CA0306A0022ABEA /* ____Tests.m */,
				3FDD625B1CA0306A0022ABEA /* Info.plist */,
			);
			path = "毕业设计Tests";
			sourceTree = "<group>";
		};
		3FDD62631CA0306A0022ABEA /* 毕业设计UITests */ = {
			isa = PBXGroup;
			children = (
				3FDD62641CA0306A0022ABEA /* ____UITests.m */,
				3FDD62661CA0306A0022ABEA /* Info.plist */,
			);
			path = "毕业设计UITests";
			sourceTree = "<group>";
		};
		3FDD62841CA0338B0022ABEA /* Model */ = {
			isa = PBXGroup;
			children = (
			);
			path = Model;
			sourceTree = "<group>";
		};
		3FDD62851CA033920022ABEA /* View */ = {
			isa = PBXGroup;
			children = (
				3F46A5C11CA560DB0081834B /* HomeWorkView */,
				3F46A5BA1CA55FDE0081834B /* SignView */,
				3F721FFB1CA2B0B800A9C99D /* DataManager.h */,
				3F721FFC1CA2B0B800A9C99D /* DataManager.m */,
				3F73F6211CA1337A00A800AB /* HGDQQRCodeView.h */,
				3F73F6221CA1337A00A800AB /* HGDQQRCodeView.m */,
				3F73F6241CA1342300A800AB /* MakeQRView.h */,
				3F73F6251CA1342300A800AB /* MakeQRView.m */,
				3F76F4D21CA28FBA0007AD1C /* ScanQRView.h */,
				3F76F4D31CA28FBA0007AD1C /* ScanQRView.m */,
			);
			path = View;
			sourceTree = "<group>";
		};
		3FDD62861CA033960022ABEA /* Controller */ = {
			isa = PBXGroup;
			children = (
				3F721FFA1CA2B08A00A9C99D /* Chat */,
				3F721FF91CA2B06E00A9C99D /* HomeoWork */,
				3F721FF81CA2B05B00A9C99D /* Sign */,
				3F721FF71CA2B02100A9C99D /* Scan */,
				3F721FE41CA2AFD400A9C99D /* Discussion */,
			);
			path = Controller;
			sourceTree = "<group>";
		};
		3FDD62871CA033BA0022ABEA /* APP */ = {
			isa = PBXGroup;
			children = (
				3FD4C1BC1CA03932005C9ADF /* TabViewController.h */,
				3FD4C1BD1CA03932005C9ADF /* TabViewController.m */,
				3F76F4C81CA276110007AD1C /* libzbar.a */,
				3FD4C1AF1CA0391F005C9ADF /* AppDelegate.h */,
				3FD4C1B01CA0391F005C9ADF /* AppDelegate.m */,
			);
			path = APP;
			sourceTree = "<group>";
		};
		3FDEBAA21CA14A9E00E31195 /* Tool */ = {
			isa = PBXGroup;
			children = (
				3FDEBAB91CA14B3000E31195 /* MediaPlayer.framework */,
				3FDEBAB71CA14B2700E31195 /* AVFoundation.framework */,
				3FDEBAB51CA14B1F00E31195 /* libsqlite3.tbd */,
				3FDEBAB31CA14B1600E31195 /* libicucore.tbd */,
				3FDEBAB11CA14B0800E31195 /* libz.1.2.5.tbd */,
				3FDEBAAF1CA14AFD00E31195 /* SystemConfiguration.framework */,
				3FDEBAAD1CA14AF400E31195 /* CoreTelephony.framework */,
				3FDEBAAB1CA14AEC00E31195 /* CFNetwork.framework */,
				3FDEBAA91CA14AE300E31195 /* MobileCoreServices.framework */,
				3FDEBAA71CA14AD600E31195 /* Security.framework */,
				3FDEBAA51CA14ACC00E31195 /* CoreLocation.framework */,
				3FDEBAA31CA14AB100E31195 /* BmobSDK.framework */,
			);
			path = Tool;
			sourceTree = "<group>";
		};
		3FDEBABC1CA14CC000E31195 /* Pic */ = {
			isa = PBXGroup;
			children = (
				3F76F4CE1CA283F40007AD1C /* erweima.png */,
				3FDEBAC91CA1684600E31195 /* login.jpg */,
				3F73F6271CA1357B00A800AB /* 3.jpg */,
				3F76F4CA1CA27CE30007AD1C /* 扫描线@2x.png */,
				3F76F4CC1CA27CEA0007AD1C /* 扫描框@2x.png */,
			);
			path = Pic;
			sourceTree = "<group>";
		};
/* End PBXGroup section */

/* Begin PBXNativeTarget section */
		3FDD623B1CA0306A0022ABEA /* 毕业设计 */ = {
			isa = PBXNativeTarget;
			buildConfigurationList = 3FDD62691CA0306A0022ABEA /* Build configuration list for PBXNativeTarget "毕业设计" */;
			buildPhases = (
				3FDD62381CA0306A0022ABEA /* Sources */,
				3FDD62391CA0306A0022ABEA /* Frameworks */,
				3FDD623A1CA0306A0022ABEA /* Resources */,
			);
			buildRules = (
			);
			dependencies = (
			);
			name = "毕业设计";
			productName = "毕业设计";
			productReference = 3FDD623C1CA0306A0022ABEA /* 毕业设计.app */;
			productType = "com.apple.product-type.application";
		};
		3FDD62541CA0306A0022ABEA /* 毕业设计Tests */ = {
			isa = PBXNativeTarget;
			buildConfigurationList = 3FDD626C1CA0306A0022ABEA /* Build configuration list for PBXNativeTarget "毕业设计Tests" */;
			buildPhases = (
				3FDD62511CA0306A0022ABEA /* Sources */,
				3FDD62521CA0306A0022ABEA /* Frameworks */,
				3FDD62531CA0306A0022ABEA /* Resources */,
			);
			buildRules = (
			);
			dependencies = (
				3FDD62571CA0306A0022ABEA /* PBXTargetDependency */,
			);
			name = "毕业设计Tests";
			productName = "毕业设计Tests";
			productReference = 3FDD62551CA0306A0022ABEA /* 毕业设计Tests.xctest */;
			productType = "com.apple.product-type.bundle.unit-test";
		};
		3FDD625F1CA0306A0022ABEA /* 毕业设计UITests */ = {
			isa = PBXNativeTarget;
			buildConfigurationList = 3FDD626F1CA0306A0022ABEA /* Build configuration list for PBXNativeTarget "毕业设计UITests" */;
			buildPhases = (
				3FDD625C1CA0306A0022ABEA /* Sources */,
				3FDD625D1CA0306A0022ABEA /* Frameworks */,
				3FDD625E1CA0306A0022ABEA /* Resources */,
			);
			buildRules = (
			);
			dependencies = (
				3FDD62621CA0306A0022ABEA /* PBXTargetDependency */,
			);
			name = "毕业设计UITests";
			productName = "毕业设计UITests";
			productReference = 3FDD62601CA0306A0022ABEA /* 毕业设计UITests.xctest */;
			productType = "com.apple.product-type.bundle.ui-testing";
		};
/* End PBXNativeTarget section */

/* Begin PBXProject section */
		3FDD62341CA0306A0022ABEA /* Project object */ = {
			isa = PBXProject;
			attributes = {
				LastUpgradeCheck = 0700;
				ORGANIZATIONNAME = SK;
				TargetAttributes = {
					3FDD623B1CA0306A0022ABEA = {
						CreatedOnToolsVersion = 7.0.1;
						DevelopmentTeam = VXSG94XP8U;
					};
					3FDD62541CA0306A0022ABEA = {
						CreatedOnToolsVersion = 7.0.1;
						TestTargetID = 3FDD623B1CA0306A0022ABEA;
					};
					3FDD625F1CA0306A0022ABEA = {
						CreatedOnToolsVersion = 7.0.1;
						TestTargetID = 3FDD623B1CA0306A0022ABEA;
					};
				};
			};
			buildConfigurationList = 3FDD62371CA0306A0022ABEA /* Build configuration list for PBXProject "毕业设计" */;
			compatibilityVersion = "Xcode 3.2";
			developmentRegion = English;
			hasScannedForEncodings = 0;
			knownRegions = (
				en,
				Base,
			);
			mainGroup = 3FDD62331CA030690022ABEA;
			productRefGroup = 3FDD623D1CA0306A0022ABEA /* Products */;
			projectDirPath = "";
			projectRoot = "";
			targets = (
				3FDD623B1CA0306A0022ABEA /* 毕业设计 */,
				3FDD62541CA0306A0022ABEA /* 毕业设计Tests */,
				3FDD625F1CA0306A0022ABEA /* 毕业设计UITests */,
			);
		};
/* End PBXProject section */

/* Begin PBXResourcesBuildPhase section */
		3FDD623A1CA0306A0022ABEA /* Resources */ = {
			isa = PBXResourcesBuildPhase;
			buildActionMask = 2147483647;
			files = (
				3F76F4CF1CA283F40007AD1C /* erweima.png in Resources */,
				3FDEBACA1CA1684600E31195 /* login.jpg in Resources */,
				3FDD624F1CA0306A0022ABEA /* LaunchScreen.storyboard in Resources */,
				3F46A5C01CA560AF0081834B /* StudentSignDetailCell.xib in Resources */,
				3F721FF61CA2B01B00A9C99D /* TeacherLoginVC.xib in Resources */,
				3FDD624C1CA0306A0022ABEA /* Assets.xcassets in Resources */,
				3FDD624A1CA0306A0022ABEA /* Main.storyboard in Resources */,
				3F73F6281CA1357B00A800AB /* 3.jpg in Resources */,
				3F721FF21CA2B01B00A9C99D /* LoginVC.xib in Resources */,
				3F46A5C61CA561060081834B /* StudentHomeWorkView.xib in Resources */,
				3F76F4CB1CA27CE30007AD1C /* 扫描线@2x.png in Resources */,
				3F76F4CD1CA27CEA0007AD1C /* 扫描框@2x.png in Resources */,
				3F721FF41CA2B01B00A9C99D /* LoginDVC.xib in Resources */,
			);
			runOnlyForDeploymentPostprocessing = 0;
		};
		3FDD62531CA0306A0022ABEA /* Resources */ = {
			isa = PBXResourcesBuildPhase;
			buildActionMask = 2147483647;
			files = (
			);
			runOnlyForDeploymentPostprocessing = 0;
		};
		3FDD625E1CA0306A0022ABEA /* Resources */ = {
			isa = PBXResourcesBuildPhase;
			buildActionMask = 2147483647;
			files = (
			);
			runOnlyForDeploymentPostprocessing = 0;
		};
/* End PBXResourcesBuildPhase section */

/* Begin PBXSourcesBuildPhase section */
		3FDD62381CA0306A0022ABEA /* Sources */ = {
			isa = PBXSourcesBuildPhase;
			buildActionMask = 2147483647;
			files = (
				3F7220001CA2B20700A9C99D /* ScanVC.m in Sources */,
				3F76F4D41CA28FBA0007AD1C /* ScanQRView.m in Sources */,
				3F721FF01CA2B01B00A9C99D /* DiscussVC.m in Sources */,
				3FD4C1C31CA03932005C9ADF /* TabViewController.m in Sources */,
				3F7220031CA2B22200A9C99D /* SignVC.m in Sources */,
				3F46A5C51CA561060081834B /* StudentHomeWorkView.m in Sources */,
				3F46A5C91CA5627F0081834B /* StudentListVC.m in Sources */,
				3F4AB2AA1CA3ED2C00EA6D56 /* SentMessageVC.m in Sources */,
				3FD4C1B11CA0391F005C9ADF /* AppDelegate.m in Sources */,
				3F8617481CA4D4E60006407B /* HomeWorkDetailVC.m in Sources */,
				3F9AB7A41CA533E900D0205C /* StudentSignDetailVC.m in Sources */,
				3F46A5BF1CA560AF0081834B /* StudentSignDetailCell.m in Sources */,
				3F73F62D1CA17C0100A800AB /* RetunWeek.m in Sources */,
				3F721FF51CA2B01B00A9C99D /* TeacherLoginVC.m in Sources */,
				3F73F6261CA1342300A800AB /* MakeQRView.m in Sources */,
				3F73F6231CA1337A00A800AB /* HGDQQRCodeView.m in Sources */,
				3F721FF31CA2B01B00A9C99D /* LoginDVC.m in Sources */,
				3F7220061CA2B26600A9C99D /* HomeWorkVC.m in Sources */,
				3F7220091CA2B27F00A9C99D /* ChatVC.m in Sources */,
				3F721FFD1CA2B0B800A9C99D /* DataManager.m in Sources */,
				3F721FF11CA2B01B00A9C99D /* LoginVC.m in Sources */,
				3FDD62411CA0306A0022ABEA /* main.m in Sources */,
			);
			runOnlyForDeploymentPostprocessing = 0;
		};
		3FDD62511CA0306A0022ABEA /* Sources */ = {
			isa = PBXSourcesBuildPhase;
			buildActionMask = 2147483647;
			files = (
				3FDD625A1CA0306A0022ABEA /* ____Tests.m in Sources */,
			);
			runOnlyForDeploymentPostprocessing = 0;
		};
		3FDD625C1CA0306A0022ABEA /* Sources */ = {
			isa = PBXSourcesBuildPhase;
			buildActionMask = 2147483647;
			files = (
				3FDD62651CA0306A0022ABEA /* ____UITests.m in Sources */,
			);
			runOnlyForDeploymentPostprocessing = 0;
		};
/* End PBXSourcesBuildPhase section */

/* Begin PBXTargetDependency section */
		3FDD62571CA0306A0022ABEA /* PBXTargetDependency */ = {
			isa = PBXTargetDependency;
			target = 3FDD623B1CA0306A0022ABEA /* 毕业设计 */;
			targetProxy = 3FDD62561CA0306A0022ABEA /* PBXContainerItemProxy */;
		};
		3FDD62621CA0306A0022ABEA /* PBXTargetDependency */ = {
			isa = PBXTargetDependency;
			target = 3FDD623B1CA0306A0022ABEA /* 毕业设计 */;
			targetProxy = 3FDD62611CA0306A0022ABEA /* PBXContainerItemProxy */;
		};
/* End PBXTargetDependency section */

/* Begin PBXVariantGroup section */
		3FDD62481CA0306A0022ABEA /* Main.storyboard */ = {
			isa = PBXVariantGroup;
			children = (
				3FDD62491CA0306A0022ABEA /* Base */,
			);
			name = Main.storyboard;
			sourceTree = "<group>";
		};
		3FDD624D1CA0306A0022ABEA /* LaunchScreen.storyboard */ = {
			isa = PBXVariantGroup;
			children = (
				3FDD624E1CA0306A0022ABEA /* Base */,
			);
			name = LaunchScreen.storyboard;
			sourceTree = "<group>";
		};
/* End PBXVariantGroup section */

/* Begin XCBuildConfiguration section */
		3FDD62671CA0306A0022ABEA /* Debug */ = {
			isa = XCBuildConfiguration;
			buildSettings = {
				ALWAYS_SEARCH_USER_PATHS = NO;
				CLANG_CXX_LANGUAGE_STANDARD = "gnu++0x";
				CLANG_CXX_LIBRARY = "libc++";
				CLANG_ENABLE_MODULES = YES;
				CLANG_ENABLE_OBJC_ARC = YES;
				CLANG_WARN_BOOL_CONVERSION = YES;
				CLANG_WARN_CONSTANT_CONVERSION = YES;
				CLANG_WARN_DIRECT_OBJC_ISA_USAGE = YES_ERROR;
				CLANG_WARN_EMPTY_BODY = YES;
				CLANG_WARN_ENUM_CONVERSION = YES;
				CLANG_WARN_INT_CONVERSION = YES;
				CLANG_WARN_OBJC_ROOT_CLASS = YES_ERROR;
				CLANG_WARN_UNREACHABLE_CODE = YES;
				CLANG_WARN__DUPLICATE_METHOD_MATCH = YES;
				"CODE_SIGN_IDENTITY[sdk=iphoneos*]" = "iPhone Developer";
				COPY_PHASE_STRIP = NO;
				DEBUG_INFORMATION_FORMAT = dwarf;
				ENABLE_STRICT_OBJC_MSGSEND = YES;
				ENABLE_TESTABILITY = YES;
				GCC_C_LANGUAGE_STANDARD = gnu99;
				GCC_DYNAMIC_NO_PIC = NO;
				GCC_NO_COMMON_BLOCKS = YES;
				GCC_OPTIMIZATION_LEVEL = 0;
				GCC_PREPROCESSOR_DEFINITIONS = (
					"DEBUG=1",
					"$(inherited)",
				);
				GCC_WARN_64_TO_32_BIT_CONVERSION = YES;
				GCC_WARN_ABOUT_RETURN_TYPE = YES_ERROR;
				GCC_WARN_UNDECLARED_SELECTOR = YES;
				GCC_WARN_UNINITIALIZED_AUTOS = YES_AGGRESSIVE;
				GCC_WARN_UNUSED_FUNCTION = YES;
				GCC_WARN_UNUSED_VARIABLE = YES;
				IPHONEOS_DEPLOYMENT_TARGET = 9.0;
				MTL_ENABLE_DEBUG_INFO = YES;
				ONLY_ACTIVE_ARCH = YES;
				SDKROOT = iphoneos;
				TARGETED_DEVICE_FAMILY = "1,2";
			};
			name = Debug;
		};
		3FDD62681CA0306A0022ABEA /* Release */ = {
			isa = XCBuildConfiguration;
			buildSettings = {
				ALWAYS_SEARCH_USER_PATHS = NO;
				CLANG_CXX_LANGUAGE_STANDARD = "gnu++0x";
				CLANG_CXX_LIBRARY = "libc++";
				CLANG_ENABLE_MODULES = YES;
				CLANG_ENABLE_OBJC_ARC = YES;
				CLANG_WARN_BOOL_CONVERSION = YES;
				CLANG_WARN_CONSTANT_CONVERSION = YES;
				CLANG_WARN_DIRECT_OBJC_ISA_USAGE = YES_ERROR;
				CLANG_WARN_EMPTY_BODY = YES;
				CLANG_WARN_ENUM_CONVERSION = YES;
				CLANG_WARN_INT_CONVERSION = YES;
				CLANG_WARN_OBJC_ROOT_CLASS = YES_ERROR;
				CLANG_WARN_UNREACHABLE_CODE = YES;
				CLANG_WARN__DUPLICATE_METHOD_MATCH = YES;
				"CODE_SIGN_IDENTITY[sdk=iphoneos*]" = "iPhone Developer";
				COPY_PHASE_STRIP = NO;
				DEBUG_INFORMATION_FORMAT = "dwarf-with-dsym";
				ENABLE_NS_ASSERTIONS = NO;
				ENABLE_STRICT_OBJC_MSGSEND = YES;
				GCC_C_LANGUAGE_STANDARD = gnu99;
				GCC_NO_COMMON_BLOCKS = YES;
				GCC_WARN_64_TO_32_BIT_CONVERSION = YES;
				GCC_WARN_ABOUT_RETURN_TYPE = YES_ERROR;
				GCC_WARN_UNDECLARED_SELECTOR = YES;
				GCC_WARN_UNINITIALIZED_AUTOS = YES_AGGRESSIVE;
				GCC_WARN_UNUSED_FUNCTION = YES;
				GCC_WARN_UNUSED_VARIABLE = YES;
				IPHONEOS_DEPLOYMENT_TARGET = 9.0;
				MTL_ENABLE_DEBUG_INFO = NO;
				SDKROOT = iphoneos;
				TARGETED_DEVICE_FAMILY = "1,2";
				VALIDATE_PRODUCT = YES;
			};
			name = Release;
		};
		3FDD626A1CA0306A0022ABEA /* Debug */ = {
			isa = XCBuildConfiguration;
			buildSettings = {
				ASSETCATALOG_COMPILER_APPICON_NAME = AppIcon;
				CODE_SIGN_IDENTITY = "iPhone Developer";
				ENABLE_BITCODE = NO;
				FRAMEWORK_SEARCH_PATHS = (
					"$(inherited)",
					"$(PROJECT_DIR)/毕业设计/Tool",
				);
				INFOPLIST_FILE = "毕业设计/Info.plist";
				IPHONEOS_DEPLOYMENT_TARGET = 8.3;
				LD_RUNPATH_SEARCH_PATHS = "$(inherited) @executable_path/Frameworks";
				LIBRARY_SEARCH_PATHS = (
					"$(inherited)",
					"$(PROJECT_DIR)/毕业设计/helper/ZBarSDK",
					"$(PROJECT_DIR)/毕业设计/APP",
				);
				PRODUCT_BUNDLE_IDENTIFIER = gtuhyihhguhjuhh;
				PRODUCT_NAME = "$(TARGET_NAME)";
			};
			name = Debug;
		};
		3FDD626B1CA0306A0022ABEA /* Release */ = {
			isa = XCBuildConfiguration;
			buildSettings = {
				ASSETCATALOG_COMPILER_APPICON_NAME = AppIcon;
				CODE_SIGN_IDENTITY = "iPhone Developer";
				ENABLE_BITCODE = NO;
				FRAMEWORK_SEARCH_PATHS = (
					"$(inherited)",
					"$(PROJECT_DIR)/毕业设计/Tool",
				);
				INFOPLIST_FILE = "毕业设计/Info.plist";
				IPHONEOS_DEPLOYMENT_TARGET = 8.3;
				LD_RUNPATH_SEARCH_PATHS = "$(inherited) @executable_path/Frameworks";
				LIBRARY_SEARCH_PATHS = (
					"$(inherited)",
					"$(PROJECT_DIR)/毕业设计/helper/ZBarSDK",
					"$(PROJECT_DIR)/毕业设计/APP",
				);
				PRODUCT_BUNDLE_IDENTIFIER = gtuhyihhguhjuhh;
				PRODUCT_NAME = "$(TARGET_NAME)";
			};
			name = Release;
		};
		3FDD626D1CA0306A0022ABEA /* Debug */ = {
			isa = XCBuildConfiguration;
			buildSettings = {
				BUNDLE_LOADER = "$(TEST_HOST)";
				INFOPLIST_FILE = "毕业设计Tests/Info.plist";
				LD_RUNPATH_SEARCH_PATHS = "$(inherited) @executable_path/Frameworks @loader_path/Frameworks";
				PRODUCT_BUNDLE_IDENTIFIER = "SK.----Tests";
				PRODUCT_NAME = "$(TARGET_NAME)";
				TEST_HOST = "$(BUILT_PRODUCTS_DIR)/毕业设计.app/毕业设计";
			};
			name = Debug;
		};
		3FDD626E1CA0306A0022ABEA /* Release */ = {
			isa = XCBuildConfiguration;
			buildSettings = {
				BUNDLE_LOADER = "$(TEST_HOST)";
				INFOPLIST_FILE = "毕业设计Tests/Info.plist";
				LD_RUNPATH_SEARCH_PATHS = "$(inherited) @executable_path/Frameworks @loader_path/Frameworks";
				PRODUCT_BUNDLE_IDENTIFIER = "SK.----Tests";
				PRODUCT_NAME = "$(TARGET_NAME)";
				TEST_HOST = "$(BUILT_PRODUCTS_DIR)/毕业设计.app/毕业设计";
			};
			name = Release;
		};
		3FDD62701CA0306A0022ABEA /* Debug */ = {
			isa = XCBuildConfiguration;
			buildSettings = {
				INFOPLIST_FILE = "毕业设计UITests/Info.plist";
				LD_RUNPATH_SEARCH_PATHS = "$(inherited) @executable_path/Frameworks @loader_path/Frameworks";
				PRODUCT_BUNDLE_IDENTIFIER = "SK.----UITests";
				PRODUCT_NAME = "$(TARGET_NAME)";
				TEST_TARGET_NAME = "毕业设计";
				USES_XCTRUNNER = YES;
			};
			name = Debug;
		};
		3FDD62711CA0306A0022ABEA /* Release */ = {
			isa = XCBuildConfiguration;
			buildSettings = {
				INFOPLIST_FILE = "毕业设计UITests/Info.plist";
				LD_RUNPATH_SEARCH_PATHS = "$(inherited) @executable_path/Frameworks @loader_path/Frameworks";
				PRODUCT_BUNDLE_IDENTIFIER = "SK.----UITests";
				PRODUCT_NAME = "$(TARGET_NAME)";
				TEST_TARGET_NAME = "毕业设计";
				USES_XCTRUNNER = YES;
			};
			name = Release;
		};
/* End XCBuildConfiguration section */

/* Begin XCConfigurationList section */
		3FDD62371CA0306A0022ABEA /* Build configuration list for PBXProject "毕业设计" */ = {
			isa = XCConfigurationList;
			buildConfigurations = (
				3FDD62671CA0306A0022ABEA /* Debug */,
				3FDD62681CA0306A0022ABEA /* Release */,
			);
			defaultConfigurationIsVisible = 0;
			defaultConfigurationName = Release;
		};
		3FDD62691CA0306A0022ABEA /* Build configuration list for PBXNativeTarget "毕业设计" */ = {
			isa = XCConfigurationList;
			buildConfigurations = (
				3FDD626A1CA0306A0022ABEA /* Debug */,
				3FDD626B1CA0306A0022ABEA /* Release */,
			);
			defaultConfigurationIsVisible = 0;
			defaultConfigurationName = Release;
		};
		3FDD626C1CA0306A0022ABEA /* Build configuration list for PBXNativeTarget "毕业设计Tests" */ = {
			isa = XCConfigurationList;
			buildConfigurations = (
				3FDD626D1CA0306A0022ABEA /* Debug */,
				3FDD626E1CA0306A0022ABEA /* Release */,
			);
			defaultConfigurationIsVisible = 0;
			defaultConfigurationName = Release;
		};
		3FDD626F1CA0306A0022ABEA /* Build configuration list for PBXNativeTarget "毕业设计UITests" */ = {
			isa = XCConfigurationList;
			buildConfigurations = (
				3FDD62701CA0306A0022ABEA /* Debug */,
				3FDD62711CA0306A0022ABEA /* Release */,
			);
			defaultConfigurationIsVisible = 0;
			defaultConfigurationName = Release;
		};
/* End XCConfigurationList section */
	};
	rootObject = 3FDD62341CA0306A0022ABEA /* Project object */;
}
